
Microsoft Visual Studio Solution File, Format Version 12.00
# Visual Studio Version 16
VisualStudioVersion = 16.0.30907.101
MinimumVisualStudioVersion = 10.0.40219.1
Project("{FAE04EC0-301F-11D3-BF4B-00C04F79EFBC}") = "EmailConfirm", "EmailConfirm\EmailConfirm.csproj", "{74736AF2-E2E6-4C62-960A-623B12BA304B}"
EndProject
Global
	GlobalSection(SolutionConfigurationPlatforms) = preSolution
		Debug|Any CPU = Debug|Any CPU
		Release|Any CPU = Release|Any CPU
	EndGlobalSection
	GlobalSection(ProjectConfigurationPlatforms) = postSolution
		{74736AF2-E2E6-4C62-960A-623B12BA304B}.Debug|Any CPU.ActiveCfg = Debug|Any CPU
		{74736AF2-E2E6-4C62-960A-623B12BA304B}.Debug|Any CPU.Build.0 = Debug|Any CPU
		{74736AF2-E2E6-4C62-960A-623B12BA304B}.Release|Any CPU.ActiveCfg = Release|Any CPU
		{74736AF2-E2E6-4C62-960A-623B12BA304B}.Release|Any CPU.Build.0 = Release|Any CPU
	EndGlobalSection
	GlobalSection(SolutionProperties) = preSolution
		HideSolutionNode = FALSE
	EndGlobalSection
	GlobalSection(ExtensibilityGlobals) = postSolution
		SolutionGuid = {0DCE7B32-FD5C-4439-825A-9E163990DEA5}
	EndGlobalSection
EndGlobal
